
Microsoft Visual Studio Solution File, Format Version 12.00
# Visual Studio Version 16
VisualStudioVersion = 16.0.30420.98
MinimumVisualStudioVersion = 10.0.40219.1
Project("{9A19103F-16F7-4668-BE54-9A1E7A4F7556}") = "HabitatCRM", "HabitatCRM.csproj", "{5CCC8133-79C4-4897-B1CC-E447AE93A3B9}"
EndProject
Project("{E53339B2-1760-4266-BCC7-CA923CBCF16C}") = "docker-compose", "docker-compose.dcproj", "{D08A31B9-B076-49EA-AB4E-CA177597580A}"
EndProject
Global
	GlobalSection(SolutionConfigurationPlatforms) = preSolution
		Debug|Any CPU = Debug|Any CPU
		Release|Any CPU = Release|Any CPU
	EndGlobalSection
	GlobalSection(ProjectConfigurationPlatforms) = postSolution
		{5CCC8133-79C4-4897-B1CC-E447AE93A3B9}.Debug|Any CPU.ActiveCfg = Debug|Any CPU
		{5CCC8133-79C4-4897-B1CC-E447AE93A3B9}.Debug|Any CPU.Build.0 = Debug|Any CPU
		{5CCC8133-79C4-4897-B1CC-E447AE93A3B9}.Release|Any CPU.ActiveCfg = Release|Any CPU
		{5CCC8133-79C4-4897-B1CC-E447AE93A3B9}.Release|Any CPU.Build.0 = Release|Any CPU
		{D08A31B9-B076-49EA-AB4E-CA177597580A}.Debug|Any CPU.ActiveCfg = Debug|Any CPU
		{D08A31B9-B076-49EA-AB4E-CA177597580A}.Debug|Any CPU.Build.0 = Debug|Any CPU
		{D08A31B9-B076-49EA-AB4E-CA177597580A}.Release|Any CPU.ActiveCfg = Release|Any CPU
		{D08A31B9-B076-49EA-AB4E-CA177597580A}.Release|Any CPU.Build.0 = Release|Any CPU
	EndGlobalSection
	GlobalSection(SolutionProperties) = preSolution
		HideSolutionNode = FALSE
	EndGlobalSection
	GlobalSection(ExtensibilityGlobals) = postSolution
		SolutionGuid = {9B1CB478-D02B-4D48-B29E-8FB4890610EC}
	EndGlobalSection
EndGlobal
